
Microsoft Visual Studio Solution File, Format Version 12.00
# Visual Studio Version 17
VisualStudioVersion = 17.7.34024.191
MinimumVisualStudioVersion = 10.0.40219.1
Project("{FAE04EC0-301F-11D3-BF4B-00C04F79EFBC}") = "WindowsFormsApp3", "WindowsFormsApp3.csproj", "{B1564080-6647-4B78-ABA9-A647DAF11321}"
EndProject
Global
	GlobalSection(SolutionConfigurationPlatforms) = preSolution
		Debug|Any CPU = Debug|Any CPU
		Release|Any CPU = Release|Any CPU
	EndGlobalSection
	GlobalSection(ProjectConfigurationPlatforms) = postSolution
		{B1564080-6647-4B78-ABA9-A647DAF11321}.Debug|Any CPU.ActiveCfg = Debug|Any CPU
		{B1564080-6647-4B78-ABA9-A647DAF11321}.Debug|Any CPU.Build.0 = Debug|Any CPU
		{B1564080-6647-4B78-ABA9-A647DAF11321}.Release|Any CPU.ActiveCfg = Release|Any CPU
		{B1564080-6647-4B78-ABA9-A647DAF11321}.Release|Any CPU.Build.0 = Release|Any CPU
	EndGlobalSection
	GlobalSection(SolutionProperties) = preSolution
		HideSolutionNode = FALSE
	EndGlobalSection
	GlobalSection(ExtensibilityGlobals) = postSolution
		SolutionGuid = {83ECD267-0B6A-4AED-8BD3-E6672472BD2A}
	EndGlobalSection
EndGlobal
